
Microsoft Visual Studio Solution File, Format Version 12.00
# Visual Studio Version 17
VisualStudioVersion = 17.11.35222.181
MinimumVisualStudioVersion = 10.0.40219.1
Project("{FAE04EC0-301F-11D3-BF4B-00C04F79EFBC}") = "WorldCities.Server", "WorldCities.Server\WorldCities.Server.csproj", "{0AD05FD7-C169-4992-B86F-4519F827B444}"
EndProject
Project("{54A90642-561A-4BB1-A94E-469ADEE60C69}") = "worldcities.client", "worldcities.client\worldcities.client.esproj", "{1502ED75-02C1-4006-B090-1D7736679315}"
EndProject
Global
	GlobalSection(SolutionConfigurationPlatforms) = preSolution
		Debug|Any CPU = Debug|Any CPU
		Release|Any CPU = Release|Any CPU
	EndGlobalSection
	GlobalSection(ProjectConfigurationPlatforms) = postSolution
		{0AD05FD7-C169-4992-B86F-4519F827B444}.Debug|Any CPU.ActiveCfg = Debug|Any CPU
		{0AD05FD7-C169-4992-B86F-4519F827B444}.Debug|Any CPU.Build.0 = Debug|Any CPU
		{0AD05FD7-C169-4992-B86F-4519F827B444}.Release|Any CPU.ActiveCfg = Release|Any CPU
		{0AD05FD7-C169-4992-B86F-4519F827B444}.Release|Any CPU.Build.0 = Release|Any CPU
		{1502ED75-02C1-4006-B090-1D7736679315}.Debug|Any CPU.ActiveCfg = Debug|Any CPU
		{1502ED75-02C1-4006-B090-1D7736679315}.Debug|Any CPU.Build.0 = Debug|Any CPU
		{1502ED75-02C1-4006-B090-1D7736679315}.Debug|Any CPU.Deploy.0 = Debug|Any CPU
		{1502ED75-02C1-4006-B090-1D7736679315}.Release|Any CPU.ActiveCfg = Release|Any CPU
		{1502ED75-02C1-4006-B090-1D7736679315}.Release|Any CPU.Build.0 = Release|Any CPU
		{1502ED75-02C1-4006-B090-1D7736679315}.Release|Any CPU.Deploy.0 = Release|Any CPU
	EndGlobalSection
	GlobalSection(SolutionProperties) = preSolution
		HideSolutionNode = FALSE
	EndGlobalSection
	GlobalSection(ExtensibilityGlobals) = postSolution
		SolutionGuid = {A9DF18E4-33EB-4F05-887E-78A48C0B7634}
	EndGlobalSection
EndGlobal
